
Microsoft Visual Studio Solution File, Format Version 12.00
# Visual Studio Version 17
VisualStudioVersion = 17.0.32126.317
MinimumVisualStudioVersion = 10.0.40219.1
Project("{FAE04EC0-301F-11D3-BF4B-00C04F79EFBC}") = "FooProject", "FooProject\FooProject.csproj", "{4EFAD623-731F-4920-AB74-42786CE1CDAA}"
EndProject
Project("{FAE04EC0-301F-11D3-BF4B-00C04F79EFBC}") = "FooClassLibrary", "FooClassLibrary\FooClassLibrary\FooClassLibrary.csproj", "{A2329AF5-316E-4339-8B56-D78ABA72E919}"
EndProject
Global
	GlobalSection(SolutionConfigurationPlatforms) = preSolution
		Debug|Any CPU = Debug|Any CPU
		DebugWithEdit|Any CPU = DebugWithEdit|Any CPU
		Release|Any CPU = Release|Any CPU
		ReplacePackageReferences|Any CPU = ReplacePackageReferences|Any CPU
		ReplaceProjectReferences|Any CPU = ReplaceProjectReferences|Any CPU
	EndGlobalSection
	GlobalSection(ProjectConfigurationPlatforms) = postSolution
		{4EFAD623-731F-4920-AB74-42786CE1CDAA}.Debug|Any CPU.ActiveCfg = Debug|Any CPU
		{4EFAD623-731F-4920-AB74-42786CE1CDAA}.Debug|Any CPU.Build.0 = Debug|Any CPU
		{4EFAD623-731F-4920-AB74-42786CE1CDAA}.DebugWithEdit|Any CPU.ActiveCfg = DebugWithEdit|Any CPU
		{4EFAD623-731F-4920-AB74-42786CE1CDAA}.DebugWithEdit|Any CPU.Build.0 = DebugWithEdit|Any CPU
		{4EFAD623-731F-4920-AB74-42786CE1CDAA}.Release|Any CPU.ActiveCfg = Release|Any CPU
		{4EFAD623-731F-4920-AB74-42786CE1CDAA}.Release|Any CPU.Build.0 = Release|Any CPU
		{4EFAD623-731F-4920-AB74-42786CE1CDAA}.ReplacePackageReferences|Any CPU.ActiveCfg = Release|Any CPU
		{4EFAD623-731F-4920-AB74-42786CE1CDAA}.ReplacePackageReferences|Any CPU.Build.0 = Release|Any CPU
		{4EFAD623-731F-4920-AB74-42786CE1CDAA}.ReplaceProjectReferences|Any CPU.ActiveCfg = Release|Any CPU
		{4EFAD623-731F-4920-AB74-42786CE1CDAA}.ReplaceProjectReferences|Any CPU.Build.0 = Release|Any CPU
		{A2329AF5-316E-4339-8B56-D78ABA72E919}.Debug|Any CPU.ActiveCfg = Debug|Any CPU
		{A2329AF5-316E-4339-8B56-D78ABA72E919}.Debug|Any CPU.Build.0 = Debug|Any CPU
		{A2329AF5-316E-4339-8B56-D78ABA72E919}.DebugWithEdit|Any CPU.ActiveCfg = DebugWithEdit|Any CPU
		{A2329AF5-316E-4339-8B56-D78ABA72E919}.DebugWithEdit|Any CPU.Build.0 = DebugWithEdit|Any CPU
		{A2329AF5-316E-4339-8B56-D78ABA72E919}.Release|Any CPU.ActiveCfg = Release|Any CPU
		{A2329AF5-316E-4339-8B56-D78ABA72E919}.Release|Any CPU.Build.0 = Release|Any CPU
		{A2329AF5-316E-4339-8B56-D78ABA72E919}.ReplacePackageReferences|Any CPU.ActiveCfg = ReplacePackageReferences|Any CPU
		{A2329AF5-316E-4339-8B56-D78ABA72E919}.ReplacePackageReferences|Any CPU.Build.0 = ReplacePackageReferences|Any CPU
		{A2329AF5-316E-4339-8B56-D78ABA72E919}.ReplaceProjectReferences|Any CPU.ActiveCfg = ReplaceProjectReferences|Any CPU
		{A2329AF5-316E-4339-8B56-D78ABA72E919}.ReplaceProjectReferences|Any CPU.Build.0 = ReplaceProjectReferences|Any CPU
	EndGlobalSection
	GlobalSection(SolutionProperties) = preSolution
		HideSolutionNode = FALSE
	EndGlobalSection
	GlobalSection(ExtensibilityGlobals) = postSolution
		SolutionGuid = {876074A6-909D-45B9-AD75-77881F2C969D}
	EndGlobalSection
EndGlobal
