
Microsoft Visual Studio Solution File, Format Version 12.00
# Visual Studio Version 17
VisualStudioVersion = 17.0.32126.317
MinimumVisualStudioVersion = 10.0.40219.1
Project("{FAE04EC0-301F-11D3-BF4B-00C04F79EFBC}") = "FooClassLibrary", "FooClassLibrary\FooClassLibrary.csproj", "{A2329AF5-316E-4339-8B56-D78ABA72E919}"
EndProject
Global
	GlobalSection(SolutionConfigurationPlatforms) = preSolution
		Debug|Any CPU = Debug|Any CPU
		Release|Any CPU = Release|Any CPU
	EndGlobalSection
	GlobalSection(ProjectConfigurationPlatforms) = postSolution
		{A2329AF5-316E-4339-8B56-D78ABA72E919}.Debug|Any CPU.ActiveCfg = Debug|Any CPU
		{A2329AF5-316E-4339-8B56-D78ABA72E919}.Debug|Any CPU.Build.0 = Debug|Any CPU
		{A2329AF5-316E-4339-8B56-D78ABA72E919}.Release|Any CPU.ActiveCfg = Release|Any CPU
		{A2329AF5-316E-4339-8B56-D78ABA72E919}.Release|Any CPU.Build.0 = Release|Any CPU
	EndGlobalSection
	GlobalSection(SolutionProperties) = preSolution
		HideSolutionNode = FALSE
	EndGlobalSection
	GlobalSection(ExtensibilityGlobals) = postSolution
		SolutionGuid = {0C8C6A70-5828-4362-A952-C6325FF366D4}
	EndGlobalSection
EndGlobal
